# This file is generated by running "yarn install" inside your project.
# Manual changes might be lost - proceed with caution!

__metadata:
  version: 8
  cacheKey: 10c0

"@borewit/text-codec@npm:^0.1.0":
  version: 0.1.1
  resolution: "@borewit/text-codec@npm:0.1.1"
  checksum: 10c0/c92606b355111053f9db47d485c8679cc09a5be0eb2738aad5b922d3744465f2fce47144ffb27d5106fa431d1d2e5a2e0140d0a22351dccf49693098702c0274
  languageName: node
  linkType: hard

"@borewit/text-codec@npm:^0.2.0":
  version: 0.2.0
  resolution: "@borewit/text-codec@npm:0.2.0"
  checksum: 10c0/831a96fcd15eb9f8f5390f95a1dccb1c28e2aea7b5cbf17ac8606091d6934bb10a560daa13bca4572cb0a09e19cfefd9e12ca7a29d95d5a330b3f5b9e1dbb005
  languageName: node
  linkType: hard

"@tokenizer/inflate@npm:^0.2.7":
  version: 0.2.7
  resolution: "@tokenizer/inflate@npm:0.2.7"
  dependencies:
    debug: "npm:^4.4.0"
    fflate: "npm:^0.8.2"
    token-types: "npm:^6.0.0"
  checksum: 10c0/75bd0c510810dfd62be9d963216b5852cde021e1f8aab43b37662bc6aa75e65fd7277fcab7d463186b55cee36a5b61129916161bdb2a7d18064016156c7daf4f
  languageName: node
  linkType: hard

"@tokenizer/token@npm:^0.3.0":
  version: 0.3.0
  resolution: "@tokenizer/token@npm:0.3.0"
  checksum: 10c0/7ab9a822d4b5ff3f5bca7f7d14d46bdd8432528e028db4a52be7fbf90c7f495cc1af1324691dda2813c6af8dc4b8eb29de3107d4508165f9aa5b53e7d501f155
  languageName: node
  linkType: hard

"content-type@npm:^1.0.5":
  version: 1.0.5
  resolution: "content-type@npm:1.0.5"
  checksum: 10c0/b76ebed15c000aee4678c3707e0860cb6abd4e680a598c0a26e17f0bfae723ec9cc2802f0ff1bc6e4d80603719010431d2231018373d4dde10f9ccff9dadf5af
  languageName: node
  linkType: hard

"debug@npm:^4.4.0, debug@npm:^4.4.3":
  version: 4.4.3
  resolution: "debug@npm:4.4.3"
  dependencies:
    ms: "npm:^2.1.3"
  peerDependenciesMeta:
    supports-color:
      optional: true
  checksum: 10c0/d79136ec6c83ecbefd0f6a5593da6a9c91ec4d7ddc4b54c883d6e71ec9accb5f67a1a5e96d00a328196b5b5c86d365e98d8a3a70856aaf16b4e7b1985e67f5a6
  languageName: node
  linkType: hard

"dotenv@npm:^17.2.3":
  version: 17.2.3
  resolution: "dotenv@npm:17.2.3"
  checksum: 10c0/c884403209f713214a1b64d4d1defa4934c2aa5b0002f5a670ae298a51e3c3ad3ba79dfee2f8df49f01ae74290fcd9acdb1ab1d09c7bfb42b539036108bb2ba0
  languageName: node
  linkType: hard

"fflate@npm:^0.8.2":
  version: 0.8.2
  resolution: "fflate@npm:0.8.2"
  checksum: 10c0/03448d630c0a583abea594835a9fdb2aaf7d67787055a761515bf4ed862913cfd693b4c4ffd5c3f3b355a70cf1e19033e9ae5aedcca103188aaff91b8bd6e293
  languageName: node
  linkType: hard

"file-type@npm:^21.0.0":
  version: 21.0.0
  resolution: "file-type@npm:21.0.0"
  dependencies:
    "@tokenizer/inflate": "npm:^0.2.7"
    strtok3: "npm:^10.2.2"
    token-types: "npm:^6.0.0"
    uint8array-extras: "npm:^1.4.0"
  checksum: 10c0/ee6b0bb5771ad154e236bb77b5c00907743fef3637c3825713c1d6913377d3d969ebba4a6f0aa854b8231552e2c1bd0387229fe67394dc3d08a01819c7d107b1
  languageName: node
  linkType: hard

"ieee754@npm:^1.2.1":
  version: 1.2.1
  resolution: "ieee754@npm:1.2.1"
  checksum: 10c0/b0782ef5e0935b9f12883a2e2aa37baa75da6e66ce6515c168697b42160807d9330de9a32ec1ed73149aea02e0d822e572bca6f1e22bdcbd2149e13b050b17bb
  languageName: node
  linkType: hard

"media-typer@npm:^1.1.0":
  version: 1.1.0
  resolution: "media-typer@npm:1.1.0"
  checksum: 10c0/7b4baa40b25964bb90e2121ee489ec38642127e48d0cc2b6baa442688d3fde6262bfdca86d6bbf6ba708784afcac168c06840c71facac70e390f5f759ac121b9
  languageName: node
  linkType: hard

"ms@npm:^2.1.3":
  version: 2.1.3
  resolution: "ms@npm:2.1.3"
  checksum: 10c0/d924b57e7312b3b63ad21fc5b3dc0af5e78d61a1fc7cfb5457edaf26326bf62be5307cc87ffb6862ef1c2b33b0233cdb5d4f01c4c958cc0d660948b65a287a48
  languageName: node
  linkType: hard

"music-metadata@npm:^11.9.0":
  version: 11.9.0
  resolution: "music-metadata@npm:11.9.0"
  dependencies:
    "@borewit/text-codec": "npm:^0.2.0"
    "@tokenizer/token": "npm:^0.3.0"
    content-type: "npm:^1.0.5"
    debug: "npm:^4.4.3"
    file-type: "npm:^21.0.0"
    media-typer: "npm:^1.1.0"
    strtok3: "npm:^10.3.4"
    token-types: "npm:^6.1.1"
    uint8array-extras: "npm:^1.5.0"
  checksum: 10c0/7aee2faf8d231e6b56371ac4ee56e4bd8ce2fd57f72d387974cef2c7ba2a79741ed938a9d7b334ca0b153db1059f87aecf648ce2f30553b0ce75af389baf2b56
  languageName: node
  linkType: hard

"music-transfer@workspace:.":
  version: 0.0.0-use.local
  resolution: "music-transfer@workspace:."
  dependencies:
    dotenv: "npm:^17.2.3"
    music-metadata: "npm:^11.9.0"
  languageName: unknown
  linkType: soft

"strtok3@npm:^10.2.2, strtok3@npm:^10.3.4":
  version: 10.3.4
  resolution: "strtok3@npm:10.3.4"
  dependencies:
    "@tokenizer/token": "npm:^0.3.0"
  checksum: 10c0/277ab69e417f4545e364ffaf9d560c991f531045dbace32d77b5c822cccd76a608b782785a2c60595274288d4d32dced184a5c21dc20348791da697127dc69a8
  languageName: node
  linkType: hard

"token-types@npm:^6.0.0, token-types@npm:^6.1.1":
  version: 6.1.1
  resolution: "token-types@npm:6.1.1"
  dependencies:
    "@borewit/text-codec": "npm:^0.1.0"
    "@tokenizer/token": "npm:^0.3.0"
    ieee754: "npm:^1.2.1"
  checksum: 10c0/e2405e7789d41693a09c478b53c47ffadd735a5f4c826d9885787d022ab10e26cc4a67b03593285748bf3b0c0237e0ea2ab268abcb953ea314727201d0f6504d
  languageName: node
  linkType: hard

"uint8array-extras@npm:^1.4.0, uint8array-extras@npm:^1.5.0":
  version: 1.5.0
  resolution: "uint8array-extras@npm:1.5.0"
  checksum: 10c0/0e74641ac7dadb02eadefc1ccdadba6010e007757bda824960de3c72bbe2b04e6d3af75648441f412148c4103261d54fcb60be45a2863beb76643a55fddba3bd
  languageName: node
  linkType: hard
